# This file was autogenerated by Stack.
# You should not edit this file by hand.
# For more information, please see the documentation at:
#   https://docs.haskellstack.org/en/stable/topics/lock_files

packages:
- completed:
    name: hspec-slow
    pantry-tree:
      sha256: c4c5bc1a39e9ac592b4cd681f70bddd88dc6b17a15da20884c2b8ad75f3de604
      size: 518
    sha256: ae749f7d53e231dedc64fc80251110ca3ac8c20c1f87e634c0ebe21c6767a9aa
    size: 4612
    url: https://github.com/helvm/hspec-slow/archive/656db86046d82af6aefbe47be53a52e36a8db005.tar.gz
    version: 0.2.0.1
  original:
    url: https://github.com/helvm/hspec-slow/archive/656db86046d82af6aefbe47be53a52e36a8db005.tar.gz
snapshots:
- completed:
    sha256: 473840099b95facf73ec72dcafe53a2487bfadeceb03a981a19e16469503a342
    size: 726266
    url: https://raw.githubusercontent.com/commercialhaskell/stackage-snapshots/master/lts/24/6.yaml
  original:
    url: https://raw.githubusercontent.com/commercialhaskell/stackage-snapshots/master/lts/24/6.yaml
